
Microsoft Visual Studio Solution File, Format Version 12.00
# Visual Studio 14
VisualStudioVersion = 14.0.25123.0
MinimumVisualStudioVersion = 10.0.40219.1
Project("{2150E333-8FDC-42A3-9474-1A3956D46DE8}") = "src", "src", "{E6D4FAF7-031F-4DD3-A6C1-2716C9FA6FB0}"
EndProject
Project("{2150E333-8FDC-42A3-9474-1A3956D46DE8}") = "Solution Items", "Solution Items", "{6F5F07DA-85ED-40BB-B107-405C4AB4CC6E}"
	ProjectSection(SolutionItems) = preProject
		global.json = global.json
	EndProjectSection
EndProject
Project("{8BB2217D-0F2D-49D1-97BC-3654ED321F3B}") = "WebExpenseTracker-WEB", "src\WebExpenseTracker-WEB\WebExpenseTracker-WEB.xproj", "{25A84023-8BF7-4209-BDB2-67F2F7DB70CF}"
EndProject
Project("{FAE04EC0-301F-11D3-BF4B-00C04F79EFBC}") = "WebExpenseTracker-DataAccess", "WebExpenseTracker-DataAccess\WebExpenseTracker-DataAccess.csproj", "{8DB924BD-772B-495B-9269-41BA44DB1D60}"
EndProject
Global
	GlobalSection(SolutionConfigurationPlatforms) = preSolution
		Debug|Any CPU = Debug|Any CPU
		Release|Any CPU = Release|Any CPU
	EndGlobalSection
	GlobalSection(ProjectConfigurationPlatforms) = postSolution
		{25A84023-8BF7-4209-BDB2-67F2F7DB70CF}.Debug|Any CPU.ActiveCfg = Debug|Any CPU
		{25A84023-8BF7-4209-BDB2-67F2F7DB70CF}.Debug|Any CPU.Build.0 = Debug|Any CPU
		{25A84023-8BF7-4209-BDB2-67F2F7DB70CF}.Release|Any CPU.ActiveCfg = Release|Any CPU
		{25A84023-8BF7-4209-BDB2-67F2F7DB70CF}.Release|Any CPU.Build.0 = Release|Any CPU
		{8DB924BD-772B-495B-9269-41BA44DB1D60}.Debug|Any CPU.ActiveCfg = Debug|Any CPU
		{8DB924BD-772B-495B-9269-41BA44DB1D60}.Debug|Any CPU.Build.0 = Debug|Any CPU
		{8DB924BD-772B-495B-9269-41BA44DB1D60}.Release|Any CPU.ActiveCfg = Release|Any CPU
		{8DB924BD-772B-495B-9269-41BA44DB1D60}.Release|Any CPU.Build.0 = Release|Any CPU
	EndGlobalSection
	GlobalSection(SolutionProperties) = preSolution
		HideSolutionNode = FALSE
	EndGlobalSection
	GlobalSection(NestedProjects) = preSolution
		{25A84023-8BF7-4209-BDB2-67F2F7DB70CF} = {E6D4FAF7-031F-4DD3-A6C1-2716C9FA6FB0}
	EndGlobalSection
EndGlobal
